// !$*UTF8*$!
{
	archiveVersion = 1;
	classes = {
	};
	objectVersion = 56;
	objects = {

/* Begin PBXBuildFile section */
		9BE0E56D2930574F00F9E6BE /* ErrorView.swift in Sources */ = {isa = PBXBuildFile; fileRef = 9BE0E56C2930574F00F9E6BE /* ErrorView.swift */; };
		9BEE72B5292FAFA000D7E995 /* LocationViewModel.swift in Sources */ = {isa = PBXBuildFile; fileRef = 9BEE72B4292FAFA000D7E995 /* LocationViewModel.swift */; };
		B42537E7292D0C5500202E9E /* WeatherError.swift in Sources */ = {isa = PBXBuildFile; fileRef = B42537E6292D0C5500202E9E /* WeatherError.swift */; };
		B42537E9292D259F00202E9E /* WeatherViewModel.swift in Sources */ = {isa = PBXBuildFile; fileRef = B42537E8292D259E00202E9E /* WeatherViewModel.swift */; };
		B42537EB292D432200202E9E /* WeatherButton.swift in Sources */ = {isa = PBXBuildFile; fileRef = B42537EA292D432200202E9E /* WeatherButton.swift */; };
		B4BE15D7292C1CE2000CFABC /* WeatherAPI.swift in Sources */ = {isa = PBXBuildFile; fileRef = B4BE15D6292C1CE2000CFABC /* WeatherAPI.swift */; };
		B4BE15D9292C23D3000CFABC /* Weather.swift in Sources */ = {isa = PBXBuildFile; fileRef = B4BE15D8292C23D3000CFABC /* Weather.swift */; };
		B4F020652926CEF7001811D9 /* weather_appApp.swift in Sources */ = {isa = PBXBuildFile; fileRef = B4F020642926CEF7001811D9 /* weather_appApp.swift */; };
		B4F020692926CEF9001811D9 /* Assets.xcassets in Resources */ = {isa = PBXBuildFile; fileRef = B4F020682926CEF9001811D9 /* Assets.xcassets */; };
		B4F0206C2926CEF9001811D9 /* Preview Assets.xcassets in Resources */ = {isa = PBXBuildFile; fileRef = B4F0206B2926CEF9001811D9 /* Preview Assets.xcassets */; };
		B4F02081292715D3001811D9 /* WeatherPage.swift in Sources */ = {isa = PBXBuildFile; fileRef = B4F02080292715D3001811D9 /* WeatherPage.swift */; };
/* End PBXBuildFile section */

/* Begin PBXFileReference section */
		9BE0E56C2930574F00F9E6BE /* ErrorView.swift */ = {isa = PBXFileReference; lastKnownFileType = sourcecode.swift; path = ErrorView.swift; sourceTree = "<group>"; };
		9BEE72B4292FAFA000D7E995 /* LocationViewModel.swift */ = {isa = PBXFileReference; lastKnownFileType = sourcecode.swift; path = LocationViewModel.swift; sourceTree = "<group>"; };
		B42537E6292D0C5500202E9E /* WeatherError.swift */ = {isa = PBXFileReference; lastKnownFileType = sourcecode.swift; path = WeatherError.swift; sourceTree = "<group>"; };
		B42537E8292D259E00202E9E /* WeatherViewModel.swift */ = {isa = PBXFileReference; lastKnownFileType = sourcecode.swift; path = WeatherViewModel.swift; sourceTree = "<group>"; };
		B42537EA292D432200202E9E /* WeatherButton.swift */ = {isa = PBXFileReference; lastKnownFileType = sourcecode.swift; path = WeatherButton.swift; sourceTree = "<group>"; };
		B4BE15D6292C1CE2000CFABC /* WeatherAPI.swift */ = {isa = PBXFileReference; lastKnownFileType = sourcecode.swift; path = WeatherAPI.swift; sourceTree = "<group>"; };
		B4BE15D8292C23D3000CFABC /* Weather.swift */ = {isa = PBXFileReference; lastKnownFileType = sourcecode.swift; path = Weather.swift; sourceTree = "<group>"; };
		B4F020612926CEF7001811D9 /* weather-app.app */ = {isa = PBXFileReference; explicitFileType = wrapper.application; includeInIndex = 0; path = "weather-app.app"; sourceTree = BUILT_PRODUCTS_DIR; };
		B4F020642926CEF7001811D9 /* weather_appApp.swift */ = {isa = PBXFileReference; lastKnownFileType = sourcecode.swift; path = weather_appApp.swift; sourceTree = "<group>"; };
		B4F020682926CEF9001811D9 /* Assets.xcassets */ = {isa = PBXFileReference; lastKnownFileType = folder.assetcatalog; path = Assets.xcassets; sourceTree = "<group>"; };
		B4F0206B2926CEF9001811D9 /* Preview Assets.xcassets */ = {isa = PBXFileReference; lastKnownFileType = folder.assetcatalog; path = "Preview Assets.xcassets"; sourceTree = "<group>"; };
		B4F02080292715D3001811D9 /* WeatherPage.swift */ = {isa = PBXFileReference; lastKnownFileType = sourcecode.swift; path = WeatherPage.swift; sourceTree = "<group>"; };
/* End PBXFileReference section */

/* Begin PBXFrameworksBuildPhase section */
		B4F0205E2926CEF7001811D9 /* Frameworks */ = {
			isa = PBXFrameworksBuildPhase;
			buildActionMask = 2147483647;
			files = (
			);
			runOnlyForDeploymentPostprocessing = 0;
		};
/* End PBXFrameworksBuildPhase section */

/* Begin PBXGroup section */
		9BE0E56E2930593000F9E6BE /* pages */ = {
			isa = PBXGroup;
			children = (
				B4F02080292715D3001811D9 /* WeatherPage.swift */,
			);
			path = pages;
			sourceTree = "<group>";
		};
		B42537EC292D53D800202E9E /* data */ = {
			isa = PBXGroup;
			children = (
				B42537ED292D53F800202E9E /* api */,
			);
			path = data;
			sourceTree = "<group>";
		};
		B42537ED292D53F800202E9E /* api */ = {
			isa = PBXGroup;
			children = (
				B4BE15D6292C1CE2000CFABC /* WeatherAPI.swift */,
			);
			path = api;
			sourceTree = "<group>";
		};
		B42537EE292D542C00202E9E /* core */ = {
			isa = PBXGroup;
			children = (
				B42537EF292D543A00202E9E /* domain */,
			);
			path = core;
			sourceTree = "<group>";
		};
		B42537EF292D543A00202E9E /* domain */ = {
			isa = PBXGroup;
			children = (
				B4BE15D8292C23D3000CFABC /* Weather.swift */,
				B42537E6292D0C5500202E9E /* WeatherError.swift */,
			);
			path = domain;
			sourceTree = "<group>";
		};
		B42537F0292D547400202E9E /* ui */ = {
			isa = PBXGroup;
			children = (
				9BE0E56E2930593000F9E6BE /* pages */,
				B42537F1292D54D400202E9E /* viewmodel */,
				B42537F2292D54F100202E9E /* views */,
			);
			path = ui;
			sourceTree = "<group>";
		};
		B42537F1292D54D400202E9E /* viewmodel */ = {
			isa = PBXGroup;
			children = (
				B42537E8292D259E00202E9E /* WeatherViewModel.swift */,
				9BEE72B4292FAFA000D7E995 /* LocationViewModel.swift */,
			);
			path = viewmodel;
			sourceTree = "<group>";
		};
		B42537F2292D54F100202E9E /* views */ = {
			isa = PBXGroup;
			children = (
				B42537EA292D432200202E9E /* WeatherButton.swift */,
				9BE0E56C2930574F00F9E6BE /* ErrorView.swift */,
			);
			path = views;
			sourceTree = "<group>";
		};
		B4F020582926CEF7001811D9 = {
			isa = PBXGroup;
			children = (
				B4F020632926CEF7001811D9 /* weather-app */,
				B4F020622926CEF7001811D9 /* Products */,
			);
			sourceTree = "<group>";
		};
		B4F020622926CEF7001811D9 /* Products */ = {
			isa = PBXGroup;
			children = (
				B4F020612926CEF7001811D9 /* weather-app.app */,
			);
			name = Products;
			sourceTree = "<group>";
		};
		B4F020632926CEF7001811D9 /* weather-app */ = {
			isa = PBXGroup;
			children = (
				B4F0206A2926CEF9001811D9 /* Preview Content */,
				B4F020682926CEF9001811D9 /* Assets.xcassets */,
				B42537EE292D542C00202E9E /* core */,
				B42537EC292D53D800202E9E /* data */,
				B42537F0292D547400202E9E /* ui */,
				B4F020642926CEF7001811D9 /* weather_appApp.swift */,
			);
			path = "weather-app";
			sourceTree = "<group>";
		};
		B4F0206A2926CEF9001811D9 /* Preview Content */ = {
			isa = PBXGroup;
			children = (
				B4F0206B2926CEF9001811D9 /* Preview Assets.xcassets */,
			);
			path = "Preview Content";
			sourceTree = "<group>";
		};
/* End PBXGroup section */

/* Begin PBXNativeTarget section */
		B4F020602926CEF7001811D9 /* weather-app */ = {
			isa = PBXNativeTarget;
			buildConfigurationList = B4F0206F2926CEF9001811D9 /* Build configuration list for PBXNativeTarget "weather-app" */;
			buildPhases = (
				B4F0205D2926CEF7001811D9 /* Sources */,
				B4F0205E2926CEF7001811D9 /* Frameworks */,
				B4F0205F2926CEF7001811D9 /* Resources */,
			);
			buildRules = (
			);
			dependencies = (
			);
			name = "weather-app";
			productName = "weather-app";
			productReference = B4F020612926CEF7001811D9 /* weather-app.app */;
			productType = "com.apple.product-type.application";
		};
/* End PBXNativeTarget section */

/* Begin PBXProject section */
		B4F020592926CEF7001811D9 /* Project object */ = {
			isa = PBXProject;
			attributes = {
				BuildIndependentTargetsInParallel = 1;
				LastSwiftUpdateCheck = 1410;
				LastUpgradeCheck = 1410;
				TargetAttributes = {
					B4F020602926CEF7001811D9 = {
						CreatedOnToolsVersion = 14.1;
					};
				};
			};
			buildConfigurationList = B4F0205C2926CEF7001811D9 /* Build configuration list for PBXProject "weather-app" */;
			compatibilityVersion = "Xcode 14.0";
			developmentRegion = en;
			hasScannedForEncodings = 0;
			knownRegions = (
				en,
				Base,
			);
			mainGroup = B4F020582926CEF7001811D9;
			productRefGroup = B4F020622926CEF7001811D9 /* Products */;
			projectDirPath = "";
			projectRoot = "";
			targets = (
				B4F020602926CEF7001811D9 /* weather-app */,
			);
		};
/* End PBXProject section */

/* Begin PBXResourcesBuildPhase section */
		B4F0205F2926CEF7001811D9 /* Resources */ = {
			isa = PBXResourcesBuildPhase;
			buildActionMask = 2147483647;
			files = (
				B4F0206C2926CEF9001811D9 /* Preview Assets.xcassets in Resources */,
				B4F020692926CEF9001811D9 /* Assets.xcassets in Resources */,
			);
			runOnlyForDeploymentPostprocessing = 0;
		};
/* End PBXResourcesBuildPhase section */

/* Begin PBXSourcesBuildPhase section */
		B4F0205D2926CEF7001811D9 /* Sources */ = {
			isa = PBXSourcesBuildPhase;
			buildActionMask = 2147483647;
			files = (
				B42537E7292D0C5500202E9E /* WeatherError.swift in Sources */,
				B42537EB292D432200202E9E /* WeatherButton.swift in Sources */,
				B42537E9292D259F00202E9E /* WeatherViewModel.swift in Sources */,
				B4BE15D9292C23D3000CFABC /* Weather.swift in Sources */,
				B4BE15D7292C1CE2000CFABC /* WeatherAPI.swift in Sources */,
				B4F020652926CEF7001811D9 /* weather_appApp.swift in Sources */,
				B4F02081292715D3001811D9 /* WeatherPage.swift in Sources */,
				9BE0E56D2930574F00F9E6BE /* ErrorView.swift in Sources */,
				9BEE72B5292FAFA000D7E995 /* LocationViewModel.swift in Sources */,
			);
			runOnlyForDeploymentPostprocessing = 0;
		};
/* End PBXSourcesBuildPhase section */

/* Begin XCBuildConfiguration section */
		B4F0206D2926CEF9001811D9 /* Debug */ = {
			isa = XCBuildConfiguration;
			buildSettings = {
				ALWAYS_SEARCH_USER_PATHS = NO;
				CLANG_ANALYZER_NONNULL = YES;
				CLANG_ANALYZER_NUMBER_OBJECT_CONVERSION = YES_AGGRESSIVE;
				CLANG_CXX_LANGUAGE_STANDARD = "gnu++20";
				CLANG_ENABLE_MODULES = YES;
				CLANG_ENABLE_OBJC_ARC = YES;
				CLANG_ENABLE_OBJC_WEAK = YES;
				CLANG_WARN_BLOCK_CAPTURE_AUTORELEASING = YES;
				CLANG_WARN_BOOL_CONVERSION = YES;
				CLANG_WARN_COMMA = YES;
				CLANG_WARN_CONSTANT_CONVERSION = YES;
				CLANG_WARN_DEPRECATED_OBJC_IMPLEMENTATIONS = YES;
				CLANG_WARN_DIRECT_OBJC_ISA_USAGE = YES_ERROR;
				CLANG_WARN_DOCUMENTATION_COMMENTS = YES;
				CLANG_WARN_EMPTY_BODY = YES;
				CLANG_WARN_ENUM_CONVERSION = YES;
				CLANG_WARN_INFINITE_RECURSION = YES;
				CLANG_WARN_INT_CONVERSION = YES;
				CLANG_WARN_NON_LITERAL_NULL_CONVERSION = YES;
				CLANG_WARN_OBJC_IMPLICIT_RETAIN_SELF = YES;
				CLANG_WARN_OBJC_LITERAL_CONVERSION = YES;
				CLANG_WARN_OBJC_ROOT_CLASS = YES_ERROR;
				CLANG_WARN_QUOTED_INCLUDE_IN_FRAMEWORK_HEADER = YES;
				CLANG_WARN_RANGE_LOOP_ANALYSIS = YES;
				CLANG_WARN_STRICT_PROTOTYPES = YES;
				CLANG_WARN_SUSPICIOUS_MOVE = YES;
				CLANG_WARN_UNGUARDED_AVAILABILITY = YES_AGGRESSIVE;
				CLANG_WARN_UNREACHABLE_CODE = YES;
				CLANG_WARN__DUPLICATE_METHOD_MATCH = YES;
				COPY_PHASE_STRIP = NO;
				DEBUG_INFORMATION_FORMAT = dwarf;
				ENABLE_STRICT_OBJC_MSGSEND = YES;
				ENABLE_TESTABILITY = YES;
				GCC_C_LANGUAGE_STANDARD = gnu11;
				GCC_DYNAMIC_NO_PIC = NO;
				GCC_NO_COMMON_BLOCKS = YES;
				GCC_OPTIMIZATION_LEVEL = 0;
				GCC_PREPROCESSOR_DEFINITIONS = (
					"DEBUG=1",
					"$(inherited)",
				);
				GCC_WARN_64_TO_32_BIT_CONVERSION = YES;
				GCC_WARN_ABOUT_RETURN_TYPE = YES_ERROR;
				GCC_WARN_UNDECLARED_SELECTOR = YES;
				GCC_WARN_UNINITIALIZED_AUTOS = YES_AGGRESSIVE;
				GCC_WARN_UNUSED_FUNCTION = YES;
				GCC_WARN_UNUSED_VARIABLE = YES;
				IPHONEOS_DEPLOYMENT_TARGET = 16.1;
				MTL_ENABLE_DEBUG_INFO = INCLUDE_SOURCE;
				MTL_FAST_MATH = YES;
				ONLY_ACTIVE_ARCH = YES;
				SDKROOT = iphoneos;
				SWIFT_ACTIVE_COMPILATION_CONDITIONS = DEBUG;
				SWIFT_OPTIMIZATION_LEVEL = "-Onone";
			};
			name = Debug;
		};
		B4F0206E2926CEF9001811D9 /* Release */ = {
			isa = XCBuildConfiguration;
			buildSettings = {
				ALWAYS_SEARCH_USER_PATHS = NO;
				CLANG_ANALYZER_NONNULL = YES;
				CLANG_ANALYZER_NUMBER_OBJECT_CONVERSION = YES_AGGRESSIVE;
				CLANG_CXX_LANGUAGE_STANDARD = "gnu++20";
				CLANG_ENABLE_MODULES = YES;
				CLANG_ENABLE_OBJC_ARC = YES;
				CLANG_ENABLE_OBJC_WEAK = YES;
				CLANG_WARN_BLOCK_CAPTURE_AUTORELEASING = YES;
				CLANG_WARN_BOOL_CONVERSION = YES;
				CLANG_WARN_COMMA = YES;
				CLANG_WARN_CONSTANT_CONVERSION = YES;
				CLANG_WARN_DEPRECATED_OBJC_IMPLEMENTATIONS = YES;
				CLANG_WARN_DIRECT_OBJC_ISA_USAGE = YES_ERROR;
				CLANG_WARN_DOCUMENTATION_COMMENTS = YES;
				CLANG_WARN_EMPTY_BODY = YES;
				CLANG_WARN_ENUM_CONVERSION = YES;
				CLANG_WARN_INFINITE_RECURSION = YES;
				CLANG_WARN_INT_CONVERSION = YES;
				CLANG_WARN_NON_LITERAL_NULL_CONVERSION = YES;
				CLANG_WARN_OBJC_IMPLICIT_RETAIN_SELF = YES;
				CLANG_WARN_OBJC_LITERAL_CONVERSION = YES;
				CLANG_WARN_OBJC_ROOT_CLASS = YES_ERROR;
				CLANG_WARN_QUOTED_INCLUDE_IN_FRAMEWORK_HEADER = YES;
				CLANG_WARN_RANGE_LOOP_ANALYSIS = YES;
				CLANG_WARN_STRICT_PROTOTYPES = YES;
				CLANG_WARN_SUSPICIOUS_MOVE = YES;
				CLANG_WARN_UNGUARDED_AVAILABILITY = YES_AGGRESSIVE;
				CLANG_WARN_UNREACHABLE_CODE = YES;
				CLANG_WARN__DUPLICATE_METHOD_MATCH = YES;
				COPY_PHASE_STRIP = NO;
				DEBUG_INFORMATION_FORMAT = "dwarf-with-dsym";
				ENABLE_NS_ASSERTIONS = NO;
				ENABLE_STRICT_OBJC_MSGSEND = YES;
				GCC_C_LANGUAGE_STANDARD = gnu11;
				GCC_NO_COMMON_BLOCKS = YES;
				GCC_WARN_64_TO_32_BIT_CONVERSION = YES;
				GCC_WARN_ABOUT_RETURN_TYPE = YES_ERROR;
				GCC_WARN_UNDECLARED_SELECTOR = YES;
				GCC_WARN_UNINITIALIZED_AUTOS = YES_AGGRESSIVE;
				GCC_WARN_UNUSED_FUNCTION = YES;
				GCC_WARN_UNUSED_VARIABLE = YES;
				IPHONEOS_DEPLOYMENT_TARGET = 16.1;
				MTL_ENABLE_DEBUG_INFO = NO;
				MTL_FAST_MATH = YES;
				SDKROOT = iphoneos;
				SWIFT_COMPILATION_MODE = wholemodule;
				SWIFT_OPTIMIZATION_LEVEL = "-O";
				VALIDATE_PRODUCT = YES;
			};
			name = Release;
		};
		B4F020702926CEF9001811D9 /* Debug */ = {
			isa = XCBuildConfiguration;
			buildSettings = {
				ASSETCATALOG_COMPILER_APPICON_NAME = AppIcon;
				ASSETCATALOG_COMPILER_GLOBAL_ACCENT_COLOR_NAME = AccentColor;
				CODE_SIGN_STYLE = Automatic;
				CURRENT_PROJECT_VERSION = 1;
				DEVELOPMENT_ASSET_PATHS = "\"weather-app/Preview Content\"";
				ENABLE_PREVIEWS = YES;
				GENERATE_INFOPLIST_FILE = YES;
				INFOPLIST_KEY_NSLocationAlwaysAndWhenInUseUsageDescription = "O identificador de localização será utilizado para rastreamento de previsões metereológicas";
				INFOPLIST_KEY_NSLocationWhenInUseUsageDescription = "O identificador de localização será utilizado para rastreamento de previsões metereológicas";
				INFOPLIST_KEY_NSPrincipalClass = "";
				INFOPLIST_KEY_UIApplicationSceneManifest_Generation = YES;
				INFOPLIST_KEY_UIApplicationSupportsIndirectInputEvents = YES;
				INFOPLIST_KEY_UILaunchScreen_Generation = YES;
				INFOPLIST_KEY_UISupportedInterfaceOrientations_iPad = "UIInterfaceOrientationPortrait UIInterfaceOrientationPortraitUpsideDown UIInterfaceOrientationLandscapeLeft UIInterfaceOrientationLandscapeRight";
				INFOPLIST_KEY_UISupportedInterfaceOrientations_iPhone = "UIInterfaceOrientationPortrait UIInterfaceOrientationLandscapeLeft UIInterfaceOrientationLandscapeRight";
				LD_RUNPATH_SEARCH_PATHS = (
					"$(inherited)",
					"@executable_path/Frameworks",
				);
				MARKETING_VERSION = 1.0;
				PRODUCT_BUNDLE_IDENTIFIER = "apps.weather-app";
				PRODUCT_NAME = "$(TARGET_NAME)";
				SWIFT_EMIT_LOC_STRINGS = YES;
				SWIFT_VERSION = 5.0;
				TARGETED_DEVICE_FAMILY = "1,2";
			};
			name = Debug;
		};
		B4F020712926CEF9001811D9 /* Release */ = {
			isa = XCBuildConfiguration;
			buildSettings = {
				ASSETCATALOG_COMPILER_APPICON_NAME = AppIcon;
				ASSETCATALOG_COMPILER_GLOBAL_ACCENT_COLOR_NAME = AccentColor;
				CODE_SIGN_STYLE = Automatic;
				CURRENT_PROJECT_VERSION = 1;
				DEVELOPMENT_ASSET_PATHS = "\"weather-app/Preview Content\"";
				ENABLE_PREVIEWS = YES;
				GENERATE_INFOPLIST_FILE = YES;
				INFOPLIST_KEY_NSLocationAlwaysAndWhenInUseUsageDescription = "O identificador de localização será utilizado para rastreamento de previsões metereológicas";
				INFOPLIST_KEY_NSLocationWhenInUseUsageDescription = "O identificador de localização será utilizado para rastreamento de previsões metereológicas";
				INFOPLIST_KEY_NSPrincipalClass = "";
				INFOPLIST_KEY_UIApplicationSceneManifest_Generation = YES;
				INFOPLIST_KEY_UIApplicationSupportsIndirectInputEvents = YES;
				INFOPLIST_KEY_UILaunchScreen_Generation = YES;
				INFOPLIST_KEY_UISupportedInterfaceOrientations_iPad = "UIInterfaceOrientationPortrait UIInterfaceOrientationPortraitUpsideDown UIInterfaceOrientationLandscapeLeft UIInterfaceOrientationLandscapeRight";
				INFOPLIST_KEY_UISupportedInterfaceOrientations_iPhone = "UIInterfaceOrientationPortrait UIInterfaceOrientationLandscapeLeft UIInterfaceOrientationLandscapeRight";
				LD_RUNPATH_SEARCH_PATHS = (
					"$(inherited)",
					"@executable_path/Frameworks",
				);
				MARKETING_VERSION = 1.0;
				PRODUCT_BUNDLE_IDENTIFIER = "apps.weather-app";
				PRODUCT_NAME = "$(TARGET_NAME)";
				SWIFT_EMIT_LOC_STRINGS = YES;
				SWIFT_VERSION = 5.0;
				TARGETED_DEVICE_FAMILY = "1,2";
			};
			name = Release;
		};
/* End XCBuildConfiguration section */

/* Begin XCConfigurationList section */
		B4F0205C2926CEF7001811D9 /* Build configuration list for PBXProject "weather-app" */ = {
			isa = XCConfigurationList;
			buildConfigurations = (
				B4F0206D2926CEF9001811D9 /* Debug */,
				B4F0206E2926CEF9001811D9 /* Release */,
			);
			defaultConfigurationIsVisible = 0;
			defaultConfigurationName = Release;
		};
		B4F0206F2926CEF9001811D9 /* Build configuration list for PBXNativeTarget "weather-app" */ = {
			isa = XCConfigurationList;
			buildConfigurations = (
				B4F020702926CEF9001811D9 /* Debug */,
				B4F020712926CEF9001811D9 /* Release */,
			);
			defaultConfigurationIsVisible = 0;
			defaultConfigurationName = Release;
		};
/* End XCConfigurationList section */
	};
	rootObject = B4F020592926CEF7001811D9 /* Project object */;
}
